{
  "version": 4,
  "terraform_version": "1.0.9",
  "serial": 193,
  "lineage": "d7aa3e02-ce28-072b-3b7c-4b2ea55e838c",
  "outputs": {},
  "resources": [
    {
      "mode": "managed",
      "type": "aws_ami_from_instance",
      "name": "ami",
      "provider": "provider[\"registry.terraform.io/hashicorp/aws\"]",
      "instances": [
        {
          "schema_version": 0,
          "attributes": {
            "architecture": "x86_64",
            "arn": "arn:aws:ec2:us-east-2::image/ami-0bbe7a09b9e425ded",
            "description": "",
            "ebs_block_device": [
              {
                "delete_on_termination": true,
                "device_name": "/dev/sda1",
                "encrypted": false,
                "iops": 0,
                "snapshot_id": "snap-047d7387c69b8db0d",
                "throughput": 0,
                "volume_size": 30,
                "volume_type": "gp2"
              }
            ],
            "ena_support": true,
            "ephemeral_block_device": [
              {
                "device_name": "xvdca",
                "virtual_name": "ephemeral0"
              },
              {
                "device_name": "xvdcb",
                "virtual_name": "ephemeral1"
              },
              {
                "device_name": "xvdcc",
                "virtual_name": "ephemeral2"
              },
              {
                "device_name": "xvdcd",
                "virtual_name": "ephemeral3"
              },
              {
                "device_name": "xvdce",
                "virtual_name": "ephemeral4"
              },
              {
                "device_name": "xvdcf",
                "virtual_name": "ephemeral5"
              },
              {
                "device_name": "xvdcg",
                "virtual_name": "ephemeral6"
              },
              {
                "device_name": "xvdch",
                "virtual_name": "ephemeral7"
              },
              {
                "device_name": "xvdci",
                "virtual_name": "ephemeral8"
              },
              {
                "device_name": "xvdcj",
                "virtual_name": "ephemeral9"
              },
              {
                "device_name": "xvdck",
                "virtual_name": "ephemeral10"
              },
              {
                "device_name": "xvdcl",
                "virtual_name": "ephemeral11"
              },
              {
                "device_name": "xvdcm",
                "virtual_name": "ephemeral12"
              },
              {
                "device_name": "xvdcn",
                "virtual_name": "ephemeral13"
              },
              {
                "device_name": "xvdco",
                "virtual_name": "ephemeral14"
              },
              {
                "device_name": "xvdcp",
                "virtual_name": "ephemeral15"
              },
              {
                "device_name": "xvdcq",
                "virtual_name": "ephemeral16"
              },
              {
                "device_name": "xvdcr",
                "virtual_name": "ephemeral17"
              },
              {
                "device_name": "xvdcs",
                "virtual_name": "ephemeral18"
              },
              {
                "device_name": "xvdct",
                "virtual_name": "ephemeral19"
              },
              {
                "device_name": "xvdcu",
                "virtual_name": "ephemeral20"
              },
              {
                "device_name": "xvdcv",
                "virtual_name": "ephemeral21"
              },
              {
                "device_name": "xvdcw",
                "virtual_name": "ephemeral22"
              },
              {
                "device_name": "xvdcx",
                "virtual_name": "ephemeral23"
              },
              {
                "device_name": "xvdcy",
                "virtual_name": "ephemeral24"
              },
              {
                "device_name": "xvdcz",
                "virtual_name": "ephemeral25"
              }
            ],
            "hypervisor": "xen",
            "id": "ami-0bbe7a09b9e425ded",
            "image_location": "649302246490/win_ami",
            "image_owner_alias": "",
            "image_type": "machine",
            "kernel_id": "",
            "manage_ebs_snapshots": true,
            "name": "win_ami",
            "owner_id": "649302246490",
            "platform": "windows",
            "platform_details": "Windows",
            "public": false,
            "ramdisk_id": "",
            "root_device_name": "/dev/sda1",
            "root_snapshot_id": "snap-047d7387c69b8db0d",
            "snapshot_without_reboot": null,
            "source_instance_id": "i-05496414d9bad2a72",
            "sriov_net_support": "simple",
            "tags": null,
            "tags_all": {},
            "timeouts": null,
            "usage_operation": "RunInstances:0002",
            "virtualization_type": "hvm"
          },
          "sensitive_attributes": [],
          "private": "eyJlMmJmYjczMC1lY2FhLTExZTYtOGY4OC0zNDM2M2JjN2M0YzAiOnsiY3JlYXRlIjoyNDAwMDAwMDAwMDAwLCJkZWxldGUiOjU0MDAwMDAwMDAwMDAsInVwZGF0ZSI6MjQwMDAwMDAwMDAwMH19",
          "dependencies": [
            "aws_instance.web",
            "aws_key_pair.deployer",
            "aws_security_group.myapp-sg",
            "module.vpc.aws_subnet.public"
          ]
        }
      ]
    },
    {
      "mode": "managed",
      "type": "aws_instance",
      "name": "web",
      "provider": "provider[\"registry.terraform.io/hashicorp/aws\"]",
      "instances": [
        {
          "schema_version": 1,
          "attributes": {
            "ami": "ami-0428fc1ee1bde045a",
            "arn": "arn:aws:ec2:us-east-2:649302246490:instance/i-05496414d9bad2a72",
            "associate_public_ip_address": true,
            "availability_zone": "us-east-2a",
            "capacity_reservation_specification": [
              {
                "capacity_reservation_preference": "open",
                "capacity_reservation_target": []
              }
            ],
            "cpu_core_count": 1,
            "cpu_threads_per_core": 1,
            "credit_specification": [
              {
                "cpu_credits": "standard"
              }
            ],
            "disable_api_termination": false,
            "ebs_block_device": [],
            "ebs_optimized": false,
            "enclave_options": [
              {
                "enabled": false
              }
            ],
            "ephemeral_block_device": [],
            "get_password_data": false,
            "hibernation": false,
            "host_id": null,
            "iam_instance_profile": "",
            "id": "i-05496414d9bad2a72",
            "instance_initiated_shutdown_behavior": "stop",
            "instance_state": "running",
            "instance_type": "t2.micro",
            "ipv6_address_count": 0,
            "ipv6_addresses": [],
            "key_name": "devops-key",
            "launch_template": [],
            "metadata_options": [
              {
                "http_endpoint": "enabled",
                "http_put_response_hop_limit": 1,
                "http_tokens": "optional"
              }
            ],
            "monitoring": false,
            "network_interface": [],
            "outpost_arn": "",
            "password_data": "",
            "placement_group": "",
            "placement_partition_number": null,
            "primary_network_interface_id": "eni-019b7d716988fe41e",
            "private_dns": "ip-10-0-10-82.us-east-2.compute.internal",
            "private_ip": "10.0.10.82",
            "public_dns": "",
            "public_ip": "3.144.242.101",
            "root_block_device": [
              {
                "delete_on_termination": true,
                "device_name": "/dev/sda1",
                "encrypted": false,
                "iops": 100,
                "kms_key_id": "",
                "tags": {},
                "throughput": 0,
                "volume_id": "vol-021974dceb1cdf0f5",
                "volume_size": 30,
                "volume_type": "gp2"
              }
            ],
            "secondary_private_ips": [],
            "security_groups": [],
            "source_dest_check": true,
            "subnet_id": "subnet-0df2b2b6c7a5fe4f2",
            "tags": {
              "Name": "devops-Terraform"
            },
            "tags_all": {
              "Name": "devops-Terraform"
            },
            "tenancy": "default",
            "timeouts": null,
            "user_data": "48b7de8a1096c2b39d4c54c2761bd3c0bacb99c0",
            "user_data_base64": null,
            "volume_tags": null,
            "vpc_security_group_ids": [
              "sg-0733302e0273165b3"
            ]
          },
          "sensitive_attributes": [],
          "private": "eyJlMmJmYjczMC1lY2FhLTExZTYtOGY4OC0zNDM2M2JjN2M0YzAiOnsiY3JlYXRlIjo2MDAwMDAwMDAwMDAsImRlbGV0ZSI6MTIwMDAwMDAwMDAwMCwidXBkYXRlIjo2MDAwMDAwMDAwMDB9LCJzY2hlbWFfdmVyc2lvbiI6IjEifQ==",
          "dependencies": [
            "aws_key_pair.deployer",
            "aws_security_group.myapp-sg",
            "module.vpc.aws_subnet.public"
          ]
        }
      ]
    },
    {
      "mode": "managed",
      "type": "aws_key_pair",
      "name": "deployer",
      "provider": "provider[\"registry.terraform.io/hashicorp/aws\"]",
      "instances": [
        {
          "schema_version": 1,
          "attributes": {
            "arn": "arn:aws:ec2:us-east-2:649302246490:key-pair/devops-key",
            "fingerprint": "06:5b:3a:5b:b8:1f:70:86:cb:4b:f9:02:a4:da:04:51",
            "id": "devops-key",
            "key_name": "devops-key",
            "key_name_prefix": null,
            "key_pair_id": "key-066669b13ca8b1e4e",
            "public_key": "ssh-rsa AAAAB3NzaC1yc2EAAAADAQABAAABgQDI6RlzoU81qpNR2FUidoLFkkQkTrU3naJ968f+ctgvMBqtWssV6m+iWY8t4prx2sSCt534sRsIY6HWitnF4CXpwHxu5wzzyHpzCxvSLq7a7DzLjHxeE6qM+ygpVFSZt92uTg+ijs31lckzNlP+A26tssFCPkv0bOu04PqDcubGDNc0nSZtnjWxkhTdImf16hzN59FuvPvUadssGyPARACRbGVe684SQYeg4GlEzT0FgTmSk8sgP6a2l4yUhkPVSFOYU+CKrmPSzIMR8I7V1sWQ4ad/ftqT+84qTzgsiNq5LoLNlsPtmY3g2j345uTr/vEivEI3gqDIj2uB0afukaiGSesR7UykBlZvXZC8/ricMhrQ2/f/GP5Jkzqv0ufgbheqvKoe5PQkdysGHjwr0LsKKwLTCADeEKmewtbHugnkSXHOQ/joPo02/KvnsKVAQi8tXj9JJqR0D9+mPKw9t24K3rdDI6x/6e5L4PmITwEY0B7wOuRVnB+Mdjyq4LN7olk= narahari@narahari-ubuntu",
            "tags": {},
            "tags_all": {}
          },
          "sensitive_attributes": [],
          "private": "eyJzY2hlbWFfdmVyc2lvbiI6IjEifQ=="
        }
      ]
    },
    {
      "mode": "managed",
      "type": "aws_security_group",
      "name": "myapp-sg",
      "provider": "provider[\"registry.terraform.io/hashicorp/aws\"]",
      "instances": [
        {
          "schema_version": 1,
          "attributes": {
            "arn": "arn:aws:ec2:us-east-2:649302246490:security-group/sg-0733302e0273165b3",
            "description": "Managed by Terraform",
            "egress": [
              {
                "cidr_blocks": [
                  "0.0.0.0/0"
                ],
                "description": "",
                "from_port": 0,
                "ipv6_cidr_blocks": [],
                "prefix_list_ids": [],
                "protocol": "-1",
                "security_groups": [],
                "self": false,
                "to_port": 0
              }
            ],
            "id": "sg-0733302e0273165b3",
            "ingress": [
              {
                "cidr_blocks": [
                  "0.0.0.0/0"
                ],
                "description": "",
                "from_port": 0,
                "ipv6_cidr_blocks": [],
                "prefix_list_ids": [],
                "protocol": "-1",
                "security_groups": [],
                "self": false,
                "to_port": 0
              }
            ],
            "name": "devops-sg",
            "name_prefix": "",
            "owner_id": "649302246490",
            "revoke_rules_on_delete": false,
            "tags": {
              "Name": "devops-default-sg"
            },
            "tags_all": {
              "Name": "devops-default-sg"
            },
            "timeouts": null,
            "vpc_id": "vpc-0a582ad50e909025c"
          },
          "sensitive_attributes": [],
          "private": "eyJlMmJmYjczMC1lY2FhLTExZTYtOGY4OC0zNDM2M2JjN2M0YzAiOnsiY3JlYXRlIjo2MDAwMDAwMDAwMDAsImRlbGV0ZSI6OTAwMDAwMDAwMDAwfSwic2NoZW1hX3ZlcnNpb24iOiIxIn0=",
          "dependencies": [
            "module.vpc.aws_vpc.this"
          ]
        }
      ]
    },
    {
      "module": "module.vpc",
      "mode": "managed",
      "type": "aws_internet_gateway",
      "name": "this",
      "provider": "provider[\"registry.terraform.io/hashicorp/aws\"]",
      "instances": [
        {
          "index_key": 0,
          "schema_version": 0,
          "attributes": {
            "arn": "arn:aws:ec2:us-east-2:649302246490:internet-gateway/igw-0ac7f442c0b974486",
            "id": "igw-0ac7f442c0b974486",
            "owner_id": "649302246490",
            "tags": {
              "Name": "devops-vpc"
            },
            "tags_all": {
              "Name": "devops-vpc"
            },
            "vpc_id": "vpc-0a582ad50e909025c"
          },
          "sensitive_attributes": [],
          "private": "bnVsbA==",
          "dependencies": [
            "module.vpc.aws_vpc.this",
            "module.vpc.aws_vpc_ipv4_cidr_block_association.this"
          ]
        }
      ]
    },
    {
      "module": "module.vpc",
      "mode": "managed",
      "type": "aws_route",
      "name": "public_internet_gateway",
      "provider": "provider[\"registry.terraform.io/hashicorp/aws\"]",
      "instances": [
        {
          "index_key": 0,
          "schema_version": 0,
          "attributes": {
            "carrier_gateway_id": "",
            "destination_cidr_block": "0.0.0.0/0",
            "destination_ipv6_cidr_block": "",
            "destination_prefix_list_id": "",
            "egress_only_gateway_id": "",
            "gateway_id": "igw-0ac7f442c0b974486",
            "id": "r-rtb-0ce8f99c1ebea36c61080289494",
            "instance_id": "",
            "instance_owner_id": "",
            "local_gateway_id": "",
            "nat_gateway_id": "",
            "network_interface_id": "",
            "origin": "CreateRoute",
            "route_table_id": "rtb-0ce8f99c1ebea36c6",
            "state": "active",
            "timeouts": {
              "create": "5m",
              "delete": null,
              "update": null
            },
            "transit_gateway_id": "",
            "vpc_endpoint_id": "",
            "vpc_peering_connection_id": ""
          },
          "sensitive_attributes": [],
          "private": "eyJlMmJmYjczMC1lY2FhLTExZTYtOGY4OC0zNDM2M2JjN2M0YzAiOnsiY3JlYXRlIjozMDAwMDAwMDAwMDAsImRlbGV0ZSI6MzAwMDAwMDAwMDAwLCJ1cGRhdGUiOjEyMDAwMDAwMDAwMH19",
          "dependencies": [
            "module.vpc.aws_internet_gateway.this",
            "module.vpc.aws_route_table.public",
            "module.vpc.aws_vpc.this",
            "module.vpc.aws_vpc_ipv4_cidr_block_association.this"
          ]
        }
      ]
    },
    {
      "module": "module.vpc",
      "mode": "managed",
      "type": "aws_route_table",
      "name": "public",
      "provider": "provider[\"registry.terraform.io/hashicorp/aws\"]",
      "instances": [
        {
          "index_key": 0,
          "schema_version": 0,
          "attributes": {
            "arn": "arn:aws:ec2:us-east-2:649302246490:route-table/rtb-0ce8f99c1ebea36c6",
            "id": "rtb-0ce8f99c1ebea36c6",
            "owner_id": "649302246490",
            "propagating_vgws": [],
            "route": [
              {
                "carrier_gateway_id": "",
                "cidr_block": "0.0.0.0/0",
                "destination_prefix_list_id": "",
                "egress_only_gateway_id": "",
                "gateway_id": "igw-0ac7f442c0b974486",
                "instance_id": "",
                "ipv6_cidr_block": "",
                "local_gateway_id": "",
                "nat_gateway_id": "",
                "network_interface_id": "",
                "transit_gateway_id": "",
                "vpc_endpoint_id": "",
                "vpc_peering_connection_id": ""
              }
            ],
            "tags": {
              "Name": "devops-vpc"
            },
            "tags_all": {
              "Name": "devops-vpc"
            },
            "timeouts": null,
            "vpc_id": "vpc-0a582ad50e909025c"
          },
          "sensitive_attributes": [],
          "private": "eyJlMmJmYjczMC1lY2FhLTExZTYtOGY4OC0zNDM2M2JjN2M0YzAiOnsiY3JlYXRlIjoxMjAwMDAwMDAwMDAsImRlbGV0ZSI6MzAwMDAwMDAwMDAwLCJ1cGRhdGUiOjEyMDAwMDAwMDAwMH19",
          "dependencies": [
            "module.vpc.aws_vpc.this",
            "module.vpc.aws_vpc_ipv4_cidr_block_association.this"
          ]
        }
      ]
    },
    {
      "module": "module.vpc",
      "mode": "managed",
      "type": "aws_route_table_association",
      "name": "public",
      "provider": "provider[\"registry.terraform.io/hashicorp/aws\"]",
      "instances": [
        {
          "index_key": 0,
          "schema_version": 0,
          "attributes": {
            "gateway_id": "",
            "id": "rtbassoc-0fcff29fcd1abdbfb",
            "route_table_id": "rtb-0ce8f99c1ebea36c6",
            "subnet_id": "subnet-0df2b2b6c7a5fe4f2"
          },
          "sensitive_attributes": [],
          "private": "bnVsbA==",
          "dependencies": [
            "module.vpc.aws_subnet.public",
            "module.vpc.aws_vpc.this",
            "module.vpc.aws_vpc_ipv4_cidr_block_association.this",
            "module.vpc.aws_route_table.public"
          ]
        }
      ]
    },
    {
      "module": "module.vpc",
      "mode": "managed",
      "type": "aws_subnet",
      "name": "public",
      "provider": "provider[\"registry.terraform.io/hashicorp/aws\"]",
      "instances": [
        {
          "index_key": 0,
          "schema_version": 1,
          "attributes": {
            "arn": "arn:aws:ec2:us-east-2:649302246490:subnet/subnet-0df2b2b6c7a5fe4f2",
            "assign_ipv6_address_on_creation": false,
            "availability_zone": "us-east-2a",
            "availability_zone_id": "use2-az1",
            "cidr_block": "10.0.10.0/24",
            "customer_owned_ipv4_pool": "",
            "id": "subnet-0df2b2b6c7a5fe4f2",
            "ipv6_cidr_block": "",
            "ipv6_cidr_block_association_id": "",
            "map_customer_owned_ip_on_launch": false,
            "map_public_ip_on_launch": true,
            "outpost_arn": "",
            "owner_id": "649302246490",
            "tags": {
              "Name": "devops-subnet-1"
            },
            "tags_all": {
              "Name": "devops-subnet-1"
            },
            "timeouts": null,
            "vpc_id": "vpc-0a582ad50e909025c"
          },
          "sensitive_attributes": [],
          "private": "eyJlMmJmYjczMC1lY2FhLTExZTYtOGY4OC0zNDM2M2JjN2M0YzAiOnsiY3JlYXRlIjo2MDAwMDAwMDAwMDAsImRlbGV0ZSI6MTIwMDAwMDAwMDAwMH0sInNjaGVtYV92ZXJzaW9uIjoiMSJ9",
          "dependencies": [
            "module.vpc.aws_vpc.this",
            "module.vpc.aws_vpc_ipv4_cidr_block_association.this"
          ]
        }
      ]
    },
    {
      "module": "module.vpc",
      "mode": "managed",
      "type": "aws_vpc",
      "name": "this",
      "provider": "provider[\"registry.terraform.io/hashicorp/aws\"]",
      "instances": [
        {
          "index_key": 0,
          "schema_version": 1,
          "attributes": {
            "arn": "arn:aws:ec2:us-east-2:649302246490:vpc/vpc-0a582ad50e909025c",
            "assign_generated_ipv6_cidr_block": false,
            "cidr_block": "10.0.0.0/16",
            "default_network_acl_id": "acl-01df200383d2d41df",
            "default_route_table_id": "rtb-0dc7575c06c4500ea",
            "default_security_group_id": "sg-023149a5ea49d63c7",
            "dhcp_options_id": "dopt-bafdb0d1",
            "enable_classiclink": null,
            "enable_classiclink_dns_support": null,
            "enable_dns_hostnames": false,
            "enable_dns_support": true,
            "id": "vpc-0a582ad50e909025c",
            "instance_tenancy": "default",
            "ipv6_association_id": "",
            "ipv6_cidr_block": "",
            "main_route_table_id": "rtb-0dc7575c06c4500ea",
            "owner_id": "649302246490",
            "tags": {
              "Name": "devops-vpc"
            },
            "tags_all": {
              "Name": "devops-vpc"
            }
          },
          "sensitive_attributes": [],
          "private": "eyJzY2hlbWFfdmVyc2lvbiI6IjEifQ=="
        }
      ]
    }
  ]
}
