{
  "version": 4,
  "terraform_version": "1.0.9",
  "serial": 64,
  "lineage": "49733056-beee-56ec-ff90-f7a7a1d05bcf",
  "outputs": {},
  "resources": [
    {
      "mode": "managed",
      "type": "google_compute_address",
      "name": "static",
      "provider": "provider[\"registry.terraform.io/hashicorp/google\"]",
      "instances": [
        {
          "schema_version": 0,
          "attributes": {
            "address": "34.93.104.6",
            "address_type": "EXTERNAL",
            "creation_timestamp": "2021-10-18T22:55:32.324-07:00",
            "description": "",
            "id": "projects/prathamesh/regions/asia-south1/addresses/terraform-ubuntu-public-address",
            "name": "terraform-ubuntu-public-address",
            "network": "",
            "network_tier": "PREMIUM",
            "prefix_length": 0,
            "project": "prathamesh",
            "purpose": "",
            "region": "asia-south1",
            "self_link": "https://www.googleapis.com/compute/v1/projects/prathamesh/regions/asia-south1/addresses/terraform-ubuntu-public-address",
            "subnetwork": "",
            "timeouts": null,
            "users": []
          },
          "sensitive_attributes": [],
          "private": "eyJlMmJmYjczMC1lY2FhLTExZTYtOGY4OC0zNDM2M2JjN2M0YzAiOnsiY3JlYXRlIjoyNDAwMDAwMDAwMDAsImRlbGV0ZSI6MjQwMDAwMDAwMDAwfX0=",
          "dependencies": [
            "google_compute_firewall.webserverrule"
          ]
        }
      ]
    },
    {
      "mode": "managed",
      "type": "google_compute_firewall",
      "name": "webserverrule",
      "provider": "provider[\"registry.terraform.io/hashicorp/google\"]",
      "instances": [
        {
          "schema_version": 1,
          "attributes": {
            "allow": [
              {
                "ports": [
                  "22",
                  "80",
                  "443"
                ],
                "protocol": "tcp"
              }
            ],
            "creation_timestamp": "2021-10-18T22:55:20.972-07:00",
            "deny": [],
            "description": "",
            "destination_ranges": [],
            "direction": "INGRESS",
            "disabled": false,
            "enable_logging": null,
            "id": "projects/prathamesh/global/firewalls/terraform-ubuntu-webserver",
            "log_config": [],
            "name": "terraform-ubuntu-webserver",
            "network": "https://www.googleapis.com/compute/v1/projects/prathamesh/global/networks/default",
            "priority": 1000,
            "project": "prathamesh",
            "self_link": "https://www.googleapis.com/compute/v1/projects/prathamesh/global/firewalls/terraform-ubuntu-webserver",
            "source_ranges": [
              "0.0.0.0/0"
            ],
            "source_service_accounts": null,
            "source_tags": null,
            "target_service_accounts": null,
            "target_tags": [
              "webserver"
            ],
            "timeouts": null
          },
          "sensitive_attributes": [],
          "private": "eyJlMmJmYjczMC1lY2FhLTExZTYtOGY4OC0zNDM2M2JjN2M0YzAiOnsiY3JlYXRlIjoyNDAwMDAwMDAwMDAsImRlbGV0ZSI6MjQwMDAwMDAwMDAwLCJ1cGRhdGUiOjI0MDAwMDAwMDAwMH0sInNjaGVtYV92ZXJzaW9uIjoiMSJ9"
        }
      ]
    },
    {
      "mode": "managed",
      "type": "google_compute_instance",
      "name": "dev",
      "provider": "provider[\"registry.terraform.io/hashicorp/google\"]",
      "instances": [
        {
          "schema_version": 6,
          "attributes": {
            "advanced_machine_features": [],
            "allow_stopping_for_update": null,
            "attached_disk": [],
            "boot_disk": [
              {
                "auto_delete": true,
                "device_name": "persistent-disk-0",
                "disk_encryption_key_raw": "",
                "disk_encryption_key_sha256": "",
                "initialize_params": [
                  {
                    "image": "https://www.googleapis.com/compute/v1/projects/centos-cloud/global/images/centos-7-v20210916",
                    "labels": {},
                    "size": 20,
                    "type": "pd-standard"
                  }
                ],
                "kms_key_self_link": "",
                "mode": "READ_WRITE",
                "source": "https://www.googleapis.com/compute/v1/projects/prathamesh/zones/asia-south1-a/disks/terraform-ubuntu-vm"
              }
            ],
            "can_ip_forward": false,
            "confidential_instance_config": [],
            "cpu_platform": "Intel Skylake",
            "current_status": "RUNNING",
            "deletion_protection": false,
            "description": "",
            "desired_status": null,
            "enable_display": false,
            "guest_accelerator": [],
            "hostname": "",
            "id": "projects/prathamesh/zones/asia-south1-a/instances/terraform-ubuntu-vm",
            "instance_id": "613168367825838863",
            "label_fingerprint": "42WmSpB8rSM=",
            "labels": null,
            "machine_type": "f1-micro",
            "metadata": {
              "ssh-keys": "narahari:ssh-rsa AAAAB3NzaC1yc2EAAAADAQABAAABgQDPbDLlBsheFiap08ivMN2aZvkcb1mcVbiodrLHFem0XsvF9Argi6QazHWMnt9AOLcfnbVx1GgkzMGvxSeKRSAJE4wGOZi/7MfNlZsWwm/xxfTbh5X7ZZ9z2KNuUhi7LAQ5YHORknTv8Jp/0SpW3U+EpyBYhEsVJAiKMN6CWHt2fQpJioNug4GrT4iRnM60yvPa72OHVi1GtJY0OdeHv64VRBRDMVRW57VtO2g6UA1aZ51oZI/q5zeXw4tUL30WxO/eSaPRF/SxT8AGKtWutxNdJL9me813kJjeEe/yEeBMSmGhUorxMBjK5YyZfKjZbkfreF9JIlasW3CFvuvroOlmjQm86n3Oda59YJ1osX5Q9YKTYwFucObpTxUz1/UXwgGeQg15gnqMQPA1hlKGEOPK115UwWKx2RClLzZCD7nwN8cl3Y+ErCra70HzoSN6uoJjFWztgX0TAwJ8fJr1ha78teZXPAtcip0+HvfCdREDZFhj3DsKTnj6wZXx4rds2c8= ubuntu@ip-172-31-19-178\n"
            },
            "metadata_fingerprint": "f8WjQTZM0V8=",
            "metadata_startup_script": "",
            "min_cpu_platform": "",
            "name": "terraform-ubuntu-vm",
            "network_interface": [
              {
                "access_config": [
                  {
                    "nat_ip": "34.93.104.6",
                    "network_tier": "PREMIUM",
                    "public_ptr_domain_name": ""
                  }
                ],
                "alias_ip_range": [],
                "ipv6_access_config": [],
                "ipv6_access_type": "",
                "name": "nic0",
                "network": "https://www.googleapis.com/compute/v1/projects/prathamesh/global/networks/default",
                "network_ip": "10.160.0.12",
                "nic_type": "",
                "stack_type": "IPV4_ONLY",
                "subnetwork": "https://www.googleapis.com/compute/v1/projects/prathamesh/regions/asia-south1/subnetworks/default",
                "subnetwork_project": "prathamesh"
              }
            ],
            "project": "prathamesh",
            "reservation_affinity": [],
            "resource_policies": null,
            "scheduling": [
              {
                "automatic_restart": true,
                "min_node_cpus": 0,
                "node_affinities": [],
                "on_host_maintenance": "MIGRATE",
                "preemptible": false
              }
            ],
            "scratch_disk": [],
            "self_link": "https://www.googleapis.com/compute/v1/projects/prathamesh/zones/asia-south1-a/instances/terraform-ubuntu-vm",
            "service_account": [],
            "shielded_instance_config": [
              {
                "enable_integrity_monitoring": true,
                "enable_secure_boot": false,
                "enable_vtpm": true
              }
            ],
            "tags": [
              "webserver"
            ],
            "tags_fingerprint": "_TImyF0dyaI=",
            "timeouts": null,
            "zone": "asia-south1-a"
          },
          "sensitive_attributes": [],
          "private": "eyJlMmJmYjczMC1lY2FhLTExZTYtOGY4OC0zNDM2M2JjN2M0YzAiOnsiY3JlYXRlIjoxMjAwMDAwMDAwMDAwLCJkZWxldGUiOjEyMDAwMDAwMDAwMDAsInVwZGF0ZSI6MTIwMDAwMDAwMDAwMH0sInNjaGVtYV92ZXJzaW9uIjoiNiJ9",
          "dependencies": [
            "google_compute_address.static",
            "google_compute_firewall.webserverrule"
          ]
        }
      ]
    }
  ]
}
